
Microsoft Visual Studio Solution File, Format Version 12.00
# Visual Studio Version 17
VisualStudioVersion = 17.0.32112.339
MinimumVisualStudioVersion = 10.0.40219.1
Project("{FAE04EC0-301F-11D3-BF4B-00C04F79EFBC}") = "StoreAppApi", "StoreAppApi\StoreAppApi.csproj", "{59B1980C-7AF3-4210-A35A-D332A57C3E3B}"
EndProject
Global
	GlobalSection(SolutionConfigurationPlatforms) = preSolution
		Debug|Any CPU = Debug|Any CPU
		Release|Any CPU = Release|Any CPU
	EndGlobalSection
	GlobalSection(ProjectConfigurationPlatforms) = postSolution
		{59B1980C-7AF3-4210-A35A-D332A57C3E3B}.Debug|Any CPU.ActiveCfg = Debug|Any CPU
		{59B1980C-7AF3-4210-A35A-D332A57C3E3B}.Debug|Any CPU.Build.0 = Debug|Any CPU
		{59B1980C-7AF3-4210-A35A-D332A57C3E3B}.Release|Any CPU.ActiveCfg = Release|Any CPU
		{59B1980C-7AF3-4210-A35A-D332A57C3E3B}.Release|Any CPU.Build.0 = Release|Any CPU
	EndGlobalSection
	GlobalSection(SolutionProperties) = preSolution
		HideSolutionNode = FALSE
	EndGlobalSection
	GlobalSection(ExtensibilityGlobals) = postSolution
		SolutionGuid = {001FC23B-CDB6-4B3E-88F2-1C2B3B59EB30}
	EndGlobalSection
EndGlobal
